
Microsoft Visual Studio Solution File, Format Version 12.00
# Visual Studio Version 16
VisualStudioVersion = 16.0.29306.81
MinimumVisualStudioVersion = 10.0.40219.1
Project("{FAE04EC0-301F-11D3-BF4B-00C04F79EFBC}") = "SuperAdventure", "SuperAdventure\SuperAdventure.csproj", "{CDAA3DDD-4A12-4EA2-A817-3A4C7B180A1B}"
EndProject
Project("{FAE04EC0-301F-11D3-BF4B-00C04F79EFBC}") = "Engine", "Engine\Engine.csproj", "{FA0B0DEB-C129-422C-9937-1246B68F3C9B}"
EndProject
Global
	GlobalSection(SolutionConfigurationPlatforms) = preSolution
		Debug|Any CPU = Debug|Any CPU
		Release|Any CPU = Release|Any CPU
	EndGlobalSection
	GlobalSection(ProjectConfigurationPlatforms) = postSolution
		{CDAA3DDD-4A12-4EA2-A817-3A4C7B180A1B}.Debug|Any CPU.ActiveCfg = Debug|Any CPU
		{CDAA3DDD-4A12-4EA2-A817-3A4C7B180A1B}.Debug|Any CPU.Build.0 = Debug|Any CPU
		{CDAA3DDD-4A12-4EA2-A817-3A4C7B180A1B}.Release|Any CPU.ActiveCfg = Release|Any CPU
		{CDAA3DDD-4A12-4EA2-A817-3A4C7B180A1B}.Release|Any CPU.Build.0 = Release|Any CPU
		{FA0B0DEB-C129-422C-9937-1246B68F3C9B}.Debug|Any CPU.ActiveCfg = Debug|Any CPU
		{FA0B0DEB-C129-422C-9937-1246B68F3C9B}.Debug|Any CPU.Build.0 = Debug|Any CPU
		{FA0B0DEB-C129-422C-9937-1246B68F3C9B}.Release|Any CPU.ActiveCfg = Release|Any CPU
		{FA0B0DEB-C129-422C-9937-1246B68F3C9B}.Release|Any CPU.Build.0 = Release|Any CPU
	EndGlobalSection
	GlobalSection(SolutionProperties) = preSolution
		HideSolutionNode = FALSE
	EndGlobalSection
	GlobalSection(ExtensibilityGlobals) = postSolution
		SolutionGuid = {EFFD31D9-B8BD-4DEB-AAC0-D808C149F972}
	EndGlobalSection
EndGlobal
